
Microsoft Visual Studio Solution File, Format Version 12.00
# Visual Studio Version 17
VisualStudioVersion = 17.4.33213.308
MinimumVisualStudioVersion = 10.0.40219.1
Project("{9A19103F-16F7-4668-BE54-9A1E7A4F7556}") = "Eryph.GenePool.Model", "src\Eryph.GenePool.Model\Eryph.GenePool.Model.csproj", "{025309BB-68FF-4EC1-BC5E-EE0514FE5168}"
EndProject
Project("{9A19103F-16F7-4668-BE54-9A1E7A4F7556}") = "Eryph.GenePool.Client", "src\Eryph.GenePool.Client\Eryph.GenePool.Client.csproj", "{D0B50699-21B8-40AC-9F48-5ECD4FCA4697}"
EndProject
Project("{9A19103F-16F7-4668-BE54-9A1E7A4F7556}") = "ClientTestApp", "src\apps\src\ClientTestApp\ClientTestApp.csproj", "{6781FB98-5372-4ED7-9DF9-684D4A6D92E0}"
EndProject
Project("{9A19103F-16F7-4668-BE54-9A1E7A4F7556}") = "Eryph.GenePool.Client.Authentication", "src\Eryph.GenePool.Client.Authentication\Eryph.GenePool.Client.Authentication.csproj", "{92C312A6-B834-4A52-99DB-70D854993CDD}"
EndProject
Project("{9A19103F-16F7-4668-BE54-9A1E7A4F7556}") = "eryph-packer", "src\apps\src\eryph-packer\eryph-packer.csproj", "{0ADD18A8-7A03-4719-A75D-36896E904C71}"
EndProject
Project("{9A19103F-16F7-4668-BE54-9A1E7A4F7556}") = "Eryph.GenePool.Packing", "src\Eryph.GenePool.Packing\Eryph.GenePool.Packing.csproj", "{1D958850-2CFB-47ED-93AE-59AD4EBAE57B}"
EndProject
Project("{9A19103F-16F7-4668-BE54-9A1E7A4F7556}") = "Eryph.GenePool.Packing.Tests", "test\Eryph.GenePool.Packing.Tests\Eryph.GenePool.Packing.Tests.csproj", "{4B3373EF-C601-43D5-8186-6EE4B98640A6}"
EndProject
Project("{FAE04EC0-301F-11D3-BF4B-00C04F79EFBC}") = "Eryph.GenePool.Model.Tests", "test\Eryph.GenePool.Model.Tests\Eryph.GenePool.Model.Tests.csproj", "{B36102DA-3941-4275-9ED9-12DBF3440361}"
EndProject
Project("{FAE04EC0-301F-11D3-BF4B-00C04F79EFBC}") = "Eryph.GenePool.Client.Tests", "test\Eryph.GenePool.Client.Tests\Eryph.GenePool.Client.Tests.csproj", "{E6562279-2BCC-45C6-920A-EF211DEB49D4}"
EndProject
Project("{FAE04EC0-301F-11D3-BF4B-00C04F79EFBC}") = "Eryph.GenePool.Compression", "src\Eryph.GenePool.Compression\Eryph.GenePool.Compression.csproj", "{5C581260-FA52-4A94-9D95-9268870C42B6}"
EndProject
Global
	GlobalSection(SolutionConfigurationPlatforms) = preSolution
		Debug|Any CPU = Debug|Any CPU
		Release|Any CPU = Release|Any CPU
	EndGlobalSection
	GlobalSection(ProjectConfigurationPlatforms) = postSolution
		{025309BB-68FF-4EC1-BC5E-EE0514FE5168}.Debug|Any CPU.ActiveCfg = Debug|Any CPU
		{025309BB-68FF-4EC1-BC5E-EE0514FE5168}.Debug|Any CPU.Build.0 = Debug|Any CPU
		{025309BB-68FF-4EC1-BC5E-EE0514FE5168}.Release|Any CPU.ActiveCfg = Release|Any CPU
		{025309BB-68FF-4EC1-BC5E-EE0514FE5168}.Release|Any CPU.Build.0 = Release|Any CPU
		{D0B50699-21B8-40AC-9F48-5ECD4FCA4697}.Debug|Any CPU.ActiveCfg = Debug|Any CPU
		{D0B50699-21B8-40AC-9F48-5ECD4FCA4697}.Debug|Any CPU.Build.0 = Debug|Any CPU
		{D0B50699-21B8-40AC-9F48-5ECD4FCA4697}.Release|Any CPU.ActiveCfg = Release|Any CPU
		{D0B50699-21B8-40AC-9F48-5ECD4FCA4697}.Release|Any CPU.Build.0 = Release|Any CPU
		{6781FB98-5372-4ED7-9DF9-684D4A6D92E0}.Debug|Any CPU.ActiveCfg = Debug|Any CPU
		{6781FB98-5372-4ED7-9DF9-684D4A6D92E0}.Debug|Any CPU.Build.0 = Debug|Any CPU
		{6781FB98-5372-4ED7-9DF9-684D4A6D92E0}.Release|Any CPU.ActiveCfg = Release|Any CPU
		{6781FB98-5372-4ED7-9DF9-684D4A6D92E0}.Release|Any CPU.Build.0 = Release|Any CPU
		{92C312A6-B834-4A52-99DB-70D854993CDD}.Debug|Any CPU.ActiveCfg = Debug|Any CPU
		{92C312A6-B834-4A52-99DB-70D854993CDD}.Debug|Any CPU.Build.0 = Debug|Any CPU
		{92C312A6-B834-4A52-99DB-70D854993CDD}.Release|Any CPU.ActiveCfg = Release|Any CPU
		{92C312A6-B834-4A52-99DB-70D854993CDD}.Release|Any CPU.Build.0 = Release|Any CPU
		{0ADD18A8-7A03-4719-A75D-36896E904C71}.Debug|Any CPU.ActiveCfg = Debug|Any CPU
		{0ADD18A8-7A03-4719-A75D-36896E904C71}.Debug|Any CPU.Build.0 = Debug|Any CPU
		{0ADD18A8-7A03-4719-A75D-36896E904C71}.Release|Any CPU.ActiveCfg = Release|Any CPU
		{0ADD18A8-7A03-4719-A75D-36896E904C71}.Release|Any CPU.Build.0 = Release|Any CPU
		{1D958850-2CFB-47ED-93AE-59AD4EBAE57B}.Debug|Any CPU.ActiveCfg = Debug|Any CPU
		{1D958850-2CFB-47ED-93AE-59AD4EBAE57B}.Debug|Any CPU.Build.0 = Debug|Any CPU
		{1D958850-2CFB-47ED-93AE-59AD4EBAE57B}.Release|Any CPU.ActiveCfg = Release|Any CPU
		{1D958850-2CFB-47ED-93AE-59AD4EBAE57B}.Release|Any CPU.Build.0 = Release|Any CPU
		{4B3373EF-C601-43D5-8186-6EE4B98640A6}.Debug|Any CPU.ActiveCfg = Debug|Any CPU
		{4B3373EF-C601-43D5-8186-6EE4B98640A6}.Debug|Any CPU.Build.0 = Debug|Any CPU
		{4B3373EF-C601-43D5-8186-6EE4B98640A6}.Release|Any CPU.ActiveCfg = Release|Any CPU
		{4B3373EF-C601-43D5-8186-6EE4B98640A6}.Release|Any CPU.Build.0 = Release|Any CPU
		{B36102DA-3941-4275-9ED9-12DBF3440361}.Debug|Any CPU.ActiveCfg = Debug|Any CPU
		{B36102DA-3941-4275-9ED9-12DBF3440361}.Debug|Any CPU.Build.0 = Debug|Any CPU
		{B36102DA-3941-4275-9ED9-12DBF3440361}.Release|Any CPU.ActiveCfg = Release|Any CPU
		{B36102DA-3941-4275-9ED9-12DBF3440361}.Release|Any CPU.Build.0 = Release|Any CPU
		{E6562279-2BCC-45C6-920A-EF211DEB49D4}.Debug|Any CPU.ActiveCfg = Debug|Any CPU
		{E6562279-2BCC-45C6-920A-EF211DEB49D4}.Debug|Any CPU.Build.0 = Debug|Any CPU
		{E6562279-2BCC-45C6-920A-EF211DEB49D4}.Release|Any CPU.ActiveCfg = Release|Any CPU
		{E6562279-2BCC-45C6-920A-EF211DEB49D4}.Release|Any CPU.Build.0 = Release|Any CPU
		{5C581260-FA52-4A94-9D95-9268870C42B6}.Debug|Any CPU.ActiveCfg = Debug|Any CPU
		{5C581260-FA52-4A94-9D95-9268870C42B6}.Debug|Any CPU.Build.0 = Debug|Any CPU
		{5C581260-FA52-4A94-9D95-9268870C42B6}.Release|Any CPU.ActiveCfg = Release|Any CPU
		{5C581260-FA52-4A94-9D95-9268870C42B6}.Release|Any CPU.Build.0 = Release|Any CPU
	EndGlobalSection
	GlobalSection(SolutionProperties) = preSolution
		HideSolutionNode = FALSE
	EndGlobalSection
	GlobalSection(ExtensibilityGlobals) = postSolution
		SolutionGuid = {4FFFBB1E-45DE-4081-852C-733780A640B8}
	EndGlobalSection
EndGlobal
